<?xml version="1.0" encoding="utf-8"?>
<Project ToolsVersion="4.0" xmlns="http://schemas.microsoft.com/developer/msbuild/2003">
  <ItemGroup>
    <ClCompile Include="main.cpp" />
    <ClCompile Include="factorial.cpp" />
    <ClCompile Include="fibonacci.cpp" />
    <ClCompile Include="hanoi.cpp" />
  </ItemGroup>
  <ItemGroup>
    <ClInclude Include="String.h" />
    <ClInclude Include="Stack.h" />
    <ClInclude Include="factorial.h" />
    <ClInclude Include="fibonacci.h" />
    <ClInclude Include="hanoi.h" />
  </ItemGroup>
</Project>